// !$*UTF8*$!
{
	archiveVersion = 1;
	classes = {
	};
	objectVersion = 51;
	objects = {

/* Begin PBXBuildFile section */
		16C906CD0E18183AB32566F2 /* Pods_VaxGuideSG.framework in Frameworks */ = {isa = PBXBuildFile; fileRef = 923E9B0B779835E4FB0C008D /* Pods_VaxGuideSG.framework */; };
		8A383A9F26B0FB9A009906C3 /* AppDelegate.swift in Sources */ = {isa = PBXBuildFile; fileRef = 8A383A9E26B0FB9A009906C3 /* AppDelegate.swift */; };
		8A383AA126B0FB9A009906C3 /* SceneDelegate.swift in Sources */ = {isa = PBXBuildFile; fileRef = 8A383AA026B0FB9A009906C3 /* SceneDelegate.swift */; };
		8A383AA326B0FB9A009906C3 /* ViewController.swift in Sources */ = {isa = PBXBuildFile; fileRef = 8A383AA226B0FB9A009906C3 /* ViewController.swift */; };
		8A383AA626B0FB9A009906C3 /* Main.storyboard in Resources */ = {isa = PBXBuildFile; fileRef = 8A383AA426B0FB9A009906C3 /* Main.storyboard */; };
		8A383AA926B0FB9A009906C3 /* VaxGuideSG.xcdatamodeld in Sources */ = {isa = PBXBuildFile; fileRef = 8A383AA726B0FB9A009906C3 /* VaxGuideSG.xcdatamodeld */; };
		8A383AAB26B0FB9B009906C3 /* Assets.xcassets in Resources */ = {isa = PBXBuildFile; fileRef = 8A383AAA26B0FB9B009906C3 /* Assets.xcassets */; };
		8A383AAE26B0FB9B009906C3 /* LaunchScreen.storyboard in Resources */ = {isa = PBXBuildFile; fileRef = 8A383AAC26B0FB9B009906C3 /* LaunchScreen.storyboard */; };
		8A502EA126B1123000BF437A /* Constants.swift in Sources */ = {isa = PBXBuildFile; fileRef = 8A502EA026B1123000BF437A /* Constants.swift */; };
		8A502EA326B1124400BF437A /* Strings.swift in Sources */ = {isa = PBXBuildFile; fileRef = 8A502EA226B1124400BF437A /* Strings.swift */; };
		8A502EA526B1499800BF437A /* VacTourGuide.storyboard in Resources */ = {isa = PBXBuildFile; fileRef = 8A502EA426B1499800BF437A /* VacTourGuide.storyboard */; };
		8A502EA726B149ED00BF437A /* VacTourGuideVC.swift in Sources */ = {isa = PBXBuildFile; fileRef = 8A502EA626B149ED00BF437A /* VacTourGuideVC.swift */; };
		8A502EAD26B19CD100BF437A /* URLService.swift in Sources */ = {isa = PBXBuildFile; fileRef = 8A502EAC26B19CD100BF437A /* URLService.swift */; };
		8A502EAF26B19D4800BF437A /* Appointment.swift in Sources */ = {isa = PBXBuildFile; fileRef = 8A502EAE26B19D4800BF437A /* Appointment.swift */; };
		8A88545726B1C648008EC35A /* CoreDataModel.swift in Sources */ = {isa = PBXBuildFile; fileRef = 8A88545626B1C648008EC35A /* CoreDataModel.swift */; };
		8A88730E26B249410027F827 /* AccountViewController.swift in Sources */ = {isa = PBXBuildFile; fileRef = 8A88730D26B249410027F827 /* AccountViewController.swift */; };
		8A88731026B249500027F827 /* Account.storyboard in Resources */ = {isa = PBXBuildFile; fileRef = 8A88730F26B249500027F827 /* Account.storyboard */; };
		8AA2413C26B15B310017A7B7 /* LoginViewController.swift in Sources */ = {isa = PBXBuildFile; fileRef = 8AA2413B26B15B310017A7B7 /* LoginViewController.swift */; };
		8AA2413E26B15C390017A7B7 /* SignUp.storyboard in Resources */ = {isa = PBXBuildFile; fileRef = 8AA2413D26B15C390017A7B7 /* SignUp.storyboard */; };
		8AA2414026B15C490017A7B7 /* SignUpViewController.swift in Sources */ = {isa = PBXBuildFile; fileRef = 8AA2413F26B15C490017A7B7 /* SignUpViewController.swift */; };
/* End PBXBuildFile section */

/* Begin PBXFileReference section */
		24523A97F98CF0332AF2EBC3 /* Pods-VaxGuideSG.debug.xcconfig */ = {isa = PBXFileReference; includeInIndex = 1; lastKnownFileType = text.xcconfig; name = "Pods-VaxGuideSG.debug.xcconfig"; path = "Target Support Files/Pods-VaxGuideSG/Pods-VaxGuideSG.debug.xcconfig"; sourceTree = "<group>"; };
		338E37B953AEBD4D0C1C257F /* Pods-VaxGuideSG.release.xcconfig */ = {isa = PBXFileReference; includeInIndex = 1; lastKnownFileType = text.xcconfig; name = "Pods-VaxGuideSG.release.xcconfig"; path = "Target Support Files/Pods-VaxGuideSG/Pods-VaxGuideSG.release.xcconfig"; sourceTree = "<group>"; };
		8A383A9B26B0FB9A009906C3 /* VaxGuideSG.app */ = {isa = PBXFileReference; explicitFileType = wrapper.application; includeInIndex = 0; path = VaxGuideSG.app; sourceTree = BUILT_PRODUCTS_DIR; };
		8A383A9E26B0FB9A009906C3 /* AppDelegate.swift */ = {isa = PBXFileReference; lastKnownFileType = sourcecode.swift; path = AppDelegate.swift; sourceTree = "<group>"; };
		8A383AA026B0FB9A009906C3 /* SceneDelegate.swift */ = {isa = PBXFileReference; lastKnownFileType = sourcecode.swift; path = SceneDelegate.swift; sourceTree = "<group>"; };
		8A383AA226B0FB9A009906C3 /* ViewController.swift */ = {isa = PBXFileReference; lastKnownFileType = sourcecode.swift; path = ViewController.swift; sourceTree = "<group>"; };
		8A383AA526B0FB9A009906C3 /* Base */ = {isa = PBXFileReference; lastKnownFileType = file.storyboard; name = Base; path = Base.lproj/Main.storyboard; sourceTree = "<group>"; };
		8A383AA826B0FB9A009906C3 /* VaxGuideSG.xcdatamodel */ = {isa = PBXFileReference; lastKnownFileType = wrapper.xcdatamodel; path = VaxGuideSG.xcdatamodel; sourceTree = "<group>"; };
		8A383AAA26B0FB9B009906C3 /* Assets.xcassets */ = {isa = PBXFileReference; lastKnownFileType = folder.assetcatalog; path = Assets.xcassets; sourceTree = "<group>"; };
		8A383AAD26B0FB9B009906C3 /* Base */ = {isa = PBXFileReference; lastKnownFileType = file.storyboard; name = Base; path = Base.lproj/LaunchScreen.storyboard; sourceTree = "<group>"; };
		8A383AAF26B0FB9B009906C3 /* Info.plist */ = {isa = PBXFileReference; lastKnownFileType = text.plist.xml; path = Info.plist; sourceTree = "<group>"; };
		8A502EA026B1123000BF437A /* Constants.swift */ = {isa = PBXFileReference; lastKnownFileType = sourcecode.swift; path = Constants.swift; sourceTree = "<group>"; };
		8A502EA226B1124400BF437A /* Strings.swift */ = {isa = PBXFileReference; lastKnownFileType = sourcecode.swift; path = Strings.swift; sourceTree = "<group>"; };
		8A502EA426B1499800BF437A /* VacTourGuide.storyboard */ = {isa = PBXFileReference; lastKnownFileType = file.storyboard; path = VacTourGuide.storyboard; sourceTree = "<group>"; };
		8A502EA626B149ED00BF437A /* VacTourGuideVC.swift */ = {isa = PBXFileReference; lastKnownFileType = sourcecode.swift; path = VacTourGuideVC.swift; sourceTree = "<group>"; };
		8A502EAC26B19CD100BF437A /* URLService.swift */ = {isa = PBXFileReference; lastKnownFileType = sourcecode.swift; path = URLService.swift; sourceTree = "<group>"; };
		8A502EAE26B19D4800BF437A /* Appointment.swift */ = {isa = PBXFileReference; lastKnownFileType = sourcecode.swift; path = Appointment.swift; sourceTree = "<group>"; };
		8A88545626B1C648008EC35A /* CoreDataModel.swift */ = {isa = PBXFileReference; lastKnownFileType = sourcecode.swift; path = CoreDataModel.swift; sourceTree = "<group>"; };
		8A88730D26B249410027F827 /* AccountViewController.swift */ = {isa = PBXFileReference; lastKnownFileType = sourcecode.swift; path = AccountViewController.swift; sourceTree = "<group>"; };
		8A88730F26B249500027F827 /* Account.storyboard */ = {isa = PBXFileReference; lastKnownFileType = file.storyboard; path = Account.storyboard; sourceTree = "<group>"; };
		8AA2413B26B15B310017A7B7 /* LoginViewController.swift */ = {isa = PBXFileReference; lastKnownFileType = sourcecode.swift; path = LoginViewController.swift; sourceTree = "<group>"; };
		8AA2413D26B15C390017A7B7 /* SignUp.storyboard */ = {isa = PBXFileReference; lastKnownFileType = file.storyboard; path = SignUp.storyboard; sourceTree = "<group>"; };
		8AA2413F26B15C490017A7B7 /* SignUpViewController.swift */ = {isa = PBXFileReference; lastKnownFileType = sourcecode.swift; path = SignUpViewController.swift; sourceTree = "<group>"; };
		923E9B0B779835E4FB0C008D /* Pods_VaxGuideSG.framework */ = {isa = PBXFileReference; explicitFileType = wrapper.framework; includeInIndex = 0; path = Pods_VaxGuideSG.framework; sourceTree = BUILT_PRODUCTS_DIR; };
/* End PBXFileReference section */

/* Begin PBXFrameworksBuildPhase section */
		8A383A9826B0FB9A009906C3 /* Frameworks */ = {
			isa = PBXFrameworksBuildPhase;
			buildActionMask = 2147483647;
			files = (
				16C906CD0E18183AB32566F2 /* Pods_VaxGuideSG.framework in Frameworks */,
			);
			runOnlyForDeploymentPostprocessing = 0;
		};
/* End PBXFrameworksBuildPhase section */

/* Begin PBXGroup section */
		160D3E81C652F5BF1A9A1039 /* Frameworks */ = {
			isa = PBXGroup;
			children = (
				923E9B0B779835E4FB0C008D /* Pods_VaxGuideSG.framework */,
			);
			name = Frameworks;
			sourceTree = "<group>";
		};
		8A383A9226B0FB9A009906C3 = {
			isa = PBXGroup;
			children = (
				8A383A9D26B0FB9A009906C3 /* VaxGuideSG */,
				8A383A9C26B0FB9A009906C3 /* Products */,
				A59D86E759F3C77C9776A665 /* Pods */,
				160D3E81C652F5BF1A9A1039 /* Frameworks */,
			);
			sourceTree = "<group>";
		};
		8A383A9C26B0FB9A009906C3 /* Products */ = {
			isa = PBXGroup;
			children = (
				8A383A9B26B0FB9A009906C3 /* VaxGuideSG.app */,
			);
			name = Products;
			sourceTree = "<group>";
		};
		8A383A9D26B0FB9A009906C3 /* VaxGuideSG */ = {
			isa = PBXGroup;
			children = (
				8A502E9F26B1120A00BF437A /* Resources */,
				8A383AB826B0FBB8009906C3 /* Util */,
				8A383AB726B0FBB1009906C3 /* Controller */,
				8A383AB626B0FBAC009906C3 /* View */,
				8A383AB526B0FBA7009906C3 /* Model */,
				8A383A9E26B0FB9A009906C3 /* AppDelegate.swift */,
				8A383AA026B0FB9A009906C3 /* SceneDelegate.swift */,
				8A383AAA26B0FB9B009906C3 /* Assets.xcassets */,
				8A383AAF26B0FB9B009906C3 /* Info.plist */,
				8A383AA726B0FB9A009906C3 /* VaxGuideSG.xcdatamodeld */,
			);
			path = VaxGuideSG;
			sourceTree = "<group>";
		};
		8A383AB526B0FBA7009906C3 /* Model */ = {
			isa = PBXGroup;
			children = (
				8A502EAE26B19D4800BF437A /* Appointment.swift */,
				8A88545626B1C648008EC35A /* CoreDataModel.swift */,
			);
			path = Model;
			sourceTree = "<group>";
		};
		8A383AB626B0FBAC009906C3 /* View */ = {
			isa = PBXGroup;
			children = (
				8A383AA426B0FB9A009906C3 /* Main.storyboard */,
				8A383AAC26B0FB9B009906C3 /* LaunchScreen.storyboard */,
				8A502EA426B1499800BF437A /* VacTourGuide.storyboard */,
				8AA2413D26B15C390017A7B7 /* SignUp.storyboard */,
				8A88730F26B249500027F827 /* Account.storyboard */,
			);
			path = View;
			sourceTree = "<group>";
		};
		8A383AB726B0FBB1009906C3 /* Controller */ = {
			isa = PBXGroup;
			children = (
				8A383AA226B0FB9A009906C3 /* ViewController.swift */,
				8A502EA626B149ED00BF437A /* VacTourGuideVC.swift */,
				8AA2413B26B15B310017A7B7 /* LoginViewController.swift */,
				8AA2413F26B15C490017A7B7 /* SignUpViewController.swift */,
				8A88730D26B249410027F827 /* AccountViewController.swift */,
			);
			path = Controller;
			sourceTree = "<group>";
		};
		8A383AB826B0FBB8009906C3 /* Util */ = {
			isa = PBXGroup;
			children = (
				8A502EAC26B19CD100BF437A /* URLService.swift */,
			);
			path = Util;
			sourceTree = "<group>";
		};
		8A502E9F26B1120A00BF437A /* Resources */ = {
			isa = PBXGroup;
			children = (
				8A502EA026B1123000BF437A /* Constants.swift */,
				8A502EA226B1124400BF437A /* Strings.swift */,
			);
			path = Resources;
			sourceTree = "<group>";
		};
		A59D86E759F3C77C9776A665 /* Pods */ = {
			isa = PBXGroup;
			children = (
				24523A97F98CF0332AF2EBC3 /* Pods-VaxGuideSG.debug.xcconfig */,
				338E37B953AEBD4D0C1C257F /* Pods-VaxGuideSG.release.xcconfig */,
			);
			path = Pods;
			sourceTree = "<group>";
		};
/* End PBXGroup section */

/* Begin PBXNativeTarget section */
		8A383A9A26B0FB9A009906C3 /* VaxGuideSG */ = {
			isa = PBXNativeTarget;
			buildConfigurationList = 8A383AB226B0FB9B009906C3 /* Build configuration list for PBXNativeTarget "VaxGuideSG" */;
			buildPhases = (
				C1DE03C6D67293E3D3692507 /* [CP] Check Pods Manifest.lock */,
				8A383A9726B0FB9A009906C3 /* Sources */,
				8A383A9826B0FB9A009906C3 /* Frameworks */,
				8A383A9926B0FB9A009906C3 /* Resources */,
				193C240F5D1094E3548F01E8 /* [CP] Embed Pods Frameworks */,
			);
			buildRules = (
			);
			dependencies = (
			);
			name = VaxGuideSG;
			productName = VaxGuideSG;
			productReference = 8A383A9B26B0FB9A009906C3 /* VaxGuideSG.app */;
			productType = "com.apple.product-type.application";
		};
/* End PBXNativeTarget section */

/* Begin PBXProject section */
		8A383A9326B0FB9A009906C3 /* Project object */ = {
			isa = PBXProject;
			attributes = {
				LastSwiftUpdateCheck = 1250;
				LastUpgradeCheck = 1250;
				TargetAttributes = {
					8A383A9A26B0FB9A009906C3 = {
						CreatedOnToolsVersion = 12.5.1;
					};
				};
			};
			buildConfigurationList = 8A383A9626B0FB9A009906C3 /* Build configuration list for PBXProject "VaxGuideSG" */;
			compatibilityVersion = "Xcode 9.3";
			developmentRegion = en;
			hasScannedForEncodings = 0;
			knownRegions = (
				en,
				Base,
			);
			mainGroup = 8A383A9226B0FB9A009906C3;
			productRefGroup = 8A383A9C26B0FB9A009906C3 /* Products */;
			projectDirPath = "";
			projectRoot = "";
			targets = (
				8A383A9A26B0FB9A009906C3 /* VaxGuideSG */,
			);
		};
/* End PBXProject section */

/* Begin PBXResourcesBuildPhase section */
		8A383A9926B0FB9A009906C3 /* Resources */ = {
			isa = PBXResourcesBuildPhase;
			buildActionMask = 2147483647;
			files = (
				8A502EA526B1499800BF437A /* VacTourGuide.storyboard in Resources */,
				8A383AAE26B0FB9B009906C3 /* LaunchScreen.storyboard in Resources */,
				8A383AAB26B0FB9B009906C3 /* Assets.xcassets in Resources */,
				8A383AA626B0FB9A009906C3 /* Main.storyboard in Resources */,
				8A88731026B249500027F827 /* Account.storyboard in Resources */,
				8AA2413E26B15C390017A7B7 /* SignUp.storyboard in Resources */,
			);
			runOnlyForDeploymentPostprocessing = 0;
		};
/* End PBXResourcesBuildPhase section */

/* Begin PBXShellScriptBuildPhase section */
		193C240F5D1094E3548F01E8 /* [CP] Embed Pods Frameworks */ = {
			isa = PBXShellScriptBuildPhase;
			buildActionMask = 2147483647;
			files = (
			);
			inputFileListPaths = (
				"${PODS_ROOT}/Target Support Files/Pods-VaxGuideSG/Pods-VaxGuideSG-frameworks-${CONFIGURATION}-input-files.xcfilelist",
			);
			name = "[CP] Embed Pods Frameworks";
			outputFileListPaths = (
				"${PODS_ROOT}/Target Support Files/Pods-VaxGuideSG/Pods-VaxGuideSG-frameworks-${CONFIGURATION}-output-files.xcfilelist",
			);
			runOnlyForDeploymentPostprocessing = 0;
			shellPath = /bin/sh;
			shellScript = "\"${PODS_ROOT}/Target Support Files/Pods-VaxGuideSG/Pods-VaxGuideSG-frameworks.sh\"\n";
			showEnvVarsInLog = 0;
		};
		C1DE03C6D67293E3D3692507 /* [CP] Check Pods Manifest.lock */ = {
			isa = PBXShellScriptBuildPhase;
			buildActionMask = 2147483647;
			files = (
			);
			inputFileListPaths = (
			);
			inputPaths = (
				"${PODS_PODFILE_DIR_PATH}/Podfile.lock",
				"${PODS_ROOT}/Manifest.lock",
			);
			name = "[CP] Check Pods Manifest.lock";
			outputFileListPaths = (
			);
			outputPaths = (
				"$(DERIVED_FILE_DIR)/Pods-VaxGuideSG-checkManifestLockResult.txt",
			);
			runOnlyForDeploymentPostprocessing = 0;
			shellPath = /bin/sh;
			shellScript = "diff \"${PODS_PODFILE_DIR_PATH}/Podfile.lock\" \"${PODS_ROOT}/Manifest.lock\" > /dev/null\nif [ $? != 0 ] ; then\n    # print error to STDERR\n    echo \"error: The sandbox is not in sync with the Podfile.lock. Run 'pod install' or update your CocoaPods installation.\" >&2\n    exit 1\nfi\n# This output is used by Xcode 'outputs' to avoid re-running this script phase.\necho \"SUCCESS\" > \"${SCRIPT_OUTPUT_FILE_0}\"\n";
			showEnvVarsInLog = 0;
		};
/* End PBXShellScriptBuildPhase section */

/* Begin PBXSourcesBuildPhase section */
		8A383A9726B0FB9A009906C3 /* Sources */ = {
			isa = PBXSourcesBuildPhase;
			buildActionMask = 2147483647;
			files = (
				8A502EA126B1123000BF437A /* Constants.swift in Sources */,
				8A383AA326B0FB9A009906C3 /* ViewController.swift in Sources */,
				8A88730E26B249410027F827 /* AccountViewController.swift in Sources */,
				8A502EAF26B19D4800BF437A /* Appointment.swift in Sources */,
				8A383A9F26B0FB9A009906C3 /* AppDelegate.swift in Sources */,
				8A502EAD26B19CD100BF437A /* URLService.swift in Sources */,
				8A383AA926B0FB9A009906C3 /* VaxGuideSG.xcdatamodeld in Sources */,
				8A88545726B1C648008EC35A /* CoreDataModel.swift in Sources */,
				8AA2413C26B15B310017A7B7 /* LoginViewController.swift in Sources */,
				8A502EA326B1124400BF437A /* Strings.swift in Sources */,
				8AA2414026B15C490017A7B7 /* SignUpViewController.swift in Sources */,
				8A502EA726B149ED00BF437A /* VacTourGuideVC.swift in Sources */,
				8A383AA126B0FB9A009906C3 /* SceneDelegate.swift in Sources */,
			);
			runOnlyForDeploymentPostprocessing = 0;
		};
/* End PBXSourcesBuildPhase section */

/* Begin PBXVariantGroup section */
		8A383AA426B0FB9A009906C3 /* Main.storyboard */ = {
			isa = PBXVariantGroup;
			children = (
				8A383AA526B0FB9A009906C3 /* Base */,
			);
			name = Main.storyboard;
			sourceTree = "<group>";
		};
		8A383AAC26B0FB9B009906C3 /* LaunchScreen.storyboard */ = {
			isa = PBXVariantGroup;
			children = (
				8A383AAD26B0FB9B009906C3 /* Base */,
			);
			name = LaunchScreen.storyboard;
			sourceTree = "<group>";
		};
/* End PBXVariantGroup section */

/* Begin XCBuildConfiguration section */
		8A383AB026B0FB9B009906C3 /* Debug */ = {
			isa = XCBuildConfiguration;
			buildSettings = {
				ALWAYS_SEARCH_USER_PATHS = NO;
				CLANG_ANALYZER_NONNULL = YES;
				CLANG_ANALYZER_NUMBER_OBJECT_CONVERSION = YES_AGGRESSIVE;
				CLANG_CXX_LANGUAGE_STANDARD = "gnu++14";
				CLANG_CXX_LIBRARY = "libc++";
				CLANG_ENABLE_MODULES = YES;
				CLANG_ENABLE_OBJC_ARC = YES;
				CLANG_ENABLE_OBJC_WEAK = YES;
				CLANG_WARN_BLOCK_CAPTURE_AUTORELEASING = YES;
				CLANG_WARN_BOOL_CONVERSION = YES;
				CLANG_WARN_COMMA = YES;
				CLANG_WARN_CONSTANT_CONVERSION = YES;
				CLANG_WARN_DEPRECATED_OBJC_IMPLEMENTATIONS = YES;
				CLANG_WARN_DIRECT_OBJC_ISA_USAGE = YES_ERROR;
				CLANG_WARN_DOCUMENTATION_COMMENTS = YES;
				CLANG_WARN_EMPTY_BODY = YES;
				CLANG_WARN_ENUM_CONVERSION = YES;
				CLANG_WARN_INFINITE_RECURSION = YES;
				CLANG_WARN_INT_CONVERSION = YES;
				CLANG_WARN_NON_LITERAL_NULL_CONVERSION = YES;
				CLANG_WARN_OBJC_IMPLICIT_RETAIN_SELF = YES;
				CLANG_WARN_OBJC_LITERAL_CONVERSION = YES;
				CLANG_WARN_OBJC_ROOT_CLASS = YES_ERROR;
				CLANG_WARN_QUOTED_INCLUDE_IN_FRAMEWORK_HEADER = YES;
				CLANG_WARN_RANGE_LOOP_ANALYSIS = YES;
				CLANG_WARN_STRICT_PROTOTYPES = YES;
				CLANG_WARN_SUSPICIOUS_MOVE = YES;
				CLANG_WARN_UNGUARDED_AVAILABILITY = YES_AGGRESSIVE;
				CLANG_WARN_UNREACHABLE_CODE = YES;
				CLANG_WARN__DUPLICATE_METHOD_MATCH = YES;
				COPY_PHASE_STRIP = NO;
				DEBUG_INFORMATION_FORMAT = dwarf;
				ENABLE_STRICT_OBJC_MSGSEND = YES;
				ENABLE_TESTABILITY = YES;
				GCC_C_LANGUAGE_STANDARD = gnu11;
				GCC_DYNAMIC_NO_PIC = NO;
				GCC_NO_COMMON_BLOCKS = YES;
				GCC_OPTIMIZATION_LEVEL = 0;
				GCC_PREPROCESSOR_DEFINITIONS = (
					"DEBUG=1",
					"$(inherited)",
				);
				GCC_WARN_64_TO_32_BIT_CONVERSION = YES;
				GCC_WARN_ABOUT_RETURN_TYPE = YES_ERROR;
				GCC_WARN_UNDECLARED_SELECTOR = YES;
				GCC_WARN_UNINITIALIZED_AUTOS = YES_AGGRESSIVE;
				GCC_WARN_UNUSED_FUNCTION = YES;
				GCC_WARN_UNUSED_VARIABLE = YES;
				IPHONEOS_DEPLOYMENT_TARGET = 13.0;
				MTL_ENABLE_DEBUG_INFO = INCLUDE_SOURCE;
				MTL_FAST_MATH = YES;
				ONLY_ACTIVE_ARCH = YES;
				SDKROOT = iphoneos;
				SWIFT_ACTIVE_COMPILATION_CONDITIONS = DEBUG;
				SWIFT_OPTIMIZATION_LEVEL = "-Onone";
			};
			name = Debug;
		};
		8A383AB126B0FB9B009906C3 /* Release */ = {
			isa = XCBuildConfiguration;
			buildSettings = {
				ALWAYS_SEARCH_USER_PATHS = NO;
				CLANG_ANALYZER_NONNULL = YES;
				CLANG_ANALYZER_NUMBER_OBJECT_CONVERSION = YES_AGGRESSIVE;
				CLANG_CXX_LANGUAGE_STANDARD = "gnu++14";
				CLANG_CXX_LIBRARY = "libc++";
				CLANG_ENABLE_MODULES = YES;
				CLANG_ENABLE_OBJC_ARC = YES;
				CLANG_ENABLE_OBJC_WEAK = YES;
				CLANG_WARN_BLOCK_CAPTURE_AUTORELEASING = YES;
				CLANG_WARN_BOOL_CONVERSION = YES;
				CLANG_WARN_COMMA = YES;
				CLANG_WARN_CONSTANT_CONVERSION = YES;
				CLANG_WARN_DEPRECATED_OBJC_IMPLEMENTATIONS = YES;
				CLANG_WARN_DIRECT_OBJC_ISA_USAGE = YES_ERROR;
				CLANG_WARN_DOCUMENTATION_COMMENTS = YES;
				CLANG_WARN_EMPTY_BODY = YES;
				CLANG_WARN_ENUM_CONVERSION = YES;
				CLANG_WARN_INFINITE_RECURSION = YES;
				CLANG_WARN_INT_CONVERSION = YES;
				CLANG_WARN_NON_LITERAL_NULL_CONVERSION = YES;
				CLANG_WARN_OBJC_IMPLICIT_RETAIN_SELF = YES;
				CLANG_WARN_OBJC_LITERAL_CONVERSION = YES;
				CLANG_WARN_OBJC_ROOT_CLASS = YES_ERROR;
				CLANG_WARN_QUOTED_INCLUDE_IN_FRAMEWORK_HEADER = YES;
				CLANG_WARN_RANGE_LOOP_ANALYSIS = YES;
				CLANG_WARN_STRICT_PROTOTYPES = YES;
				CLANG_WARN_SUSPICIOUS_MOVE = YES;
				CLANG_WARN_UNGUARDED_AVAILABILITY = YES_AGGRESSIVE;
				CLANG_WARN_UNREACHABLE_CODE = YES;
				CLANG_WARN__DUPLICATE_METHOD_MATCH = YES;
				COPY_PHASE_STRIP = NO;
				DEBUG_INFORMATION_FORMAT = "dwarf-with-dsym";
				ENABLE_NS_ASSERTIONS = NO;
				ENABLE_STRICT_OBJC_MSGSEND = YES;
				GCC_C_LANGUAGE_STANDARD = gnu11;
				GCC_NO_COMMON_BLOCKS = YES;
				GCC_WARN_64_TO_32_BIT_CONVERSION = YES;
				GCC_WARN_ABOUT_RETURN_TYPE = YES_ERROR;
				GCC_WARN_UNDECLARED_SELECTOR = YES;
				GCC_WARN_UNINITIALIZED_AUTOS = YES_AGGRESSIVE;
				GCC_WARN_UNUSED_FUNCTION = YES;
				GCC_WARN_UNUSED_VARIABLE = YES;
				IPHONEOS_DEPLOYMENT_TARGET = 13.0;
				MTL_ENABLE_DEBUG_INFO = NO;
				MTL_FAST_MATH = YES;
				SDKROOT = iphoneos;
				SWIFT_COMPILATION_MODE = wholemodule;
				SWIFT_OPTIMIZATION_LEVEL = "-O";
				VALIDATE_PRODUCT = YES;
			};
			name = Release;
		};
		8A383AB326B0FB9B009906C3 /* Debug */ = {
			isa = XCBuildConfiguration;
			baseConfigurationReference = 24523A97F98CF0332AF2EBC3 /* Pods-VaxGuideSG.debug.xcconfig */;
			buildSettings = {
				ASSETCATALOG_COMPILER_APPICON_NAME = AppIcon;
				ASSETCATALOG_COMPILER_GLOBAL_ACCENT_COLOR_NAME = AccentColor;
				CODE_SIGN_STYLE = Automatic;
				INFOPLIST_FILE = VaxGuideSG/Info.plist;
				LD_RUNPATH_SEARCH_PATHS = (
					"$(inherited)",
					"@executable_path/Frameworks",
				);
				PRODUCT_BUNDLE_IDENTIFIER = com.teamb.vgsg.VaxGuideSG;
				PRODUCT_NAME = "$(TARGET_NAME)";
				SWIFT_VERSION = 5.0;
				TARGETED_DEVICE_FAMILY = "1,2";
			};
			name = Debug;
		};
		8A383AB426B0FB9B009906C3 /* Release */ = {
			isa = XCBuildConfiguration;
			baseConfigurationReference = 338E37B953AEBD4D0C1C257F /* Pods-VaxGuideSG.release.xcconfig */;
			buildSettings = {
				ASSETCATALOG_COMPILER_APPICON_NAME = AppIcon;
				ASSETCATALOG_COMPILER_GLOBAL_ACCENT_COLOR_NAME = AccentColor;
				CODE_SIGN_STYLE = Automatic;
				INFOPLIST_FILE = VaxGuideSG/Info.plist;
				LD_RUNPATH_SEARCH_PATHS = (
					"$(inherited)",
					"@executable_path/Frameworks",
				);
				PRODUCT_BUNDLE_IDENTIFIER = com.teamb.vgsg.VaxGuideSG;
				PRODUCT_NAME = "$(TARGET_NAME)";
				SWIFT_VERSION = 5.0;
				TARGETED_DEVICE_FAMILY = "1,2";
			};
			name = Release;
		};
/* End XCBuildConfiguration section */

/* Begin XCConfigurationList section */
		8A383A9626B0FB9A009906C3 /* Build configuration list for PBXProject "VaxGuideSG" */ = {
			isa = XCConfigurationList;
			buildConfigurations = (
				8A383AB026B0FB9B009906C3 /* Debug */,
				8A383AB126B0FB9B009906C3 /* Release */,
			);
			defaultConfigurationIsVisible = 0;
			defaultConfigurationName = Release;
		};
		8A383AB226B0FB9B009906C3 /* Build configuration list for PBXNativeTarget "VaxGuideSG" */ = {
			isa = XCConfigurationList;
			buildConfigurations = (
				8A383AB326B0FB9B009906C3 /* Debug */,
				8A383AB426B0FB9B009906C3 /* Release */,
			);
			defaultConfigurationIsVisible = 0;
			defaultConfigurationName = Release;
		};
/* End XCConfigurationList section */

/* Begin XCVersionGroup section */
		8A383AA726B0FB9A009906C3 /* VaxGuideSG.xcdatamodeld */ = {
			isa = XCVersionGroup;
			children = (
				8A383AA826B0FB9A009906C3 /* VaxGuideSG.xcdatamodel */,
			);
			currentVersion = 8A383AA826B0FB9A009906C3 /* VaxGuideSG.xcdatamodel */;
			path = VaxGuideSG.xcdatamodeld;
			sourceTree = "<group>";
			versionGroupType = wrapper.xcdatamodel;
		};
/* End XCVersionGroup section */
	};
	rootObject = 8A383A9326B0FB9A009906C3 /* Project object */;
}
